// !$*UTF8*$!
{
	archiveVersion = 1;
	classes = {
	};
	objectVersion = 48;
	objects = {

/* Begin PBXBuildFile section */
		5828C79C1FBCE13300CF3EFE /* AppDelegate.swift in Sources */ = {isa = PBXBuildFile; fileRef = 5828C79B1FBCE13300CF3EFE /* AppDelegate.swift */; };
		5828C79E1FBCE13300CF3EFE /* Assets.xcassets in Resources */ = {isa = PBXBuildFile; fileRef = 5828C79D1FBCE13300CF3EFE /* Assets.xcassets */; };
		5828C7B11FBDC04000CF3EFE /* RxCocoa.framework in Frameworks */ = {isa = PBXBuildFile; fileRef = 5828C7AB1FBDC04000CF3EFE /* RxCocoa.framework */; };
		5828C7B21FBDC04000CF3EFE /* RxCocoa.framework in Embed Frameworks */ = {isa = PBXBuildFile; fileRef = 5828C7AB1FBDC04000CF3EFE /* RxCocoa.framework */; settings = {ATTRIBUTES = (CodeSignOnCopy, RemoveHeadersOnCopy, ); }; };
		5828C7B31FBDC04000CF3EFE /* RxSwift.framework in Frameworks */ = {isa = PBXBuildFile; fileRef = 5828C7AC1FBDC04000CF3EFE /* RxSwift.framework */; };
		5828C7B41FBDC04000CF3EFE /* RxSwift.framework in Embed Frameworks */ = {isa = PBXBuildFile; fileRef = 5828C7AC1FBDC04000CF3EFE /* RxSwift.framework */; settings = {ATTRIBUTES = (CodeSignOnCopy, RemoveHeadersOnCopy, ); }; };
		5828C7BB1FBDC2C300CF3EFE /* RxSwift.framework.dSYM in CopyFiles */ = {isa = PBXBuildFile; fileRef = 5828C7B71FBDC2C200CF3EFE /* RxSwift.framework.dSYM */; };
		5828C7BD1FBDC2C300CF3EFE /* RxCocoa.framework.dSYM in CopyFiles */ = {isa = PBXBuildFile; fileRef = 5828C7B91FBDC2C300CF3EFE /* RxCocoa.framework.dSYM */; };
		5828C7C31FBDC34F00CF3EFE /* Caffeinate.swift in Sources */ = {isa = PBXBuildFile; fileRef = 5828C7C21FBDC34F00CF3EFE /* Caffeinate.swift */; };
		586F1082201148D50021C43C /* Utils.swift in Sources */ = {isa = PBXBuildFile; fileRef = 586F1081201148D50021C43C /* Utils.swift */; };
		586F10842011DE2E0021C43C /* Menu.swift in Sources */ = {isa = PBXBuildFile; fileRef = 586F10832011DE2E0021C43C /* Menu.swift */; };
		5874D53620AADFBE00E02C55 /* Display.swift in Sources */ = {isa = PBXBuildFile; fileRef = 5874D53520AADFBE00E02C55 /* Display.swift */; };
		58B75F701FC03FDB0030243C /* State.swift in Sources */ = {isa = PBXBuildFile; fileRef = 58B75F6F1FC03FDB0030243C /* State.swift */; };
		58BEDD561FFC4B75006120D1 /* MainMenu.xib in Resources */ = {isa = PBXBuildFile; fileRef = 58BEDD551FFC4B75006120D1 /* MainMenu.xib */; };
		58D82E4D1FC0629300F67404 /* Timeout.swift in Sources */ = {isa = PBXBuildFile; fileRef = 58D82E4C1FC0629300F67404 /* Timeout.swift */; };
		58D82E4F1FC0702000F67404 /* Remaining.swift in Sources */ = {isa = PBXBuildFile; fileRef = 58D82E4E1FC0702000F67404 /* Remaining.swift */; };
		58E70D7021AC83C900F22C01 /* MenuViewModel.swift in Sources */ = {isa = PBXBuildFile; fileRef = 58E70D6F21AC83C900F22C01 /* MenuViewModel.swift */; };
		58E70D7221AC8A7D00F22C01 /* TimeoutMenuItem.swift in Sources */ = {isa = PBXBuildFile; fileRef = 58E70D7121AC8A7D00F22C01 /* TimeoutMenuItem.swift */; };
		58E70D7421AC8AF400F22C01 /* TimeoutSubmenu.swift in Sources */ = {isa = PBXBuildFile; fileRef = 58E70D7321AC8AF400F22C01 /* TimeoutSubmenu.swift */; };
		58E70D7621AC8C8000F22C01 /* TimeoutViewModel.swift in Sources */ = {isa = PBXBuildFile; fileRef = 58E70D7521AC8C8000F22C01 /* TimeoutViewModel.swift */; };
/* End PBXBuildFile section */

/* Begin PBXCopyFilesBuildPhase section */
		5828C7B51FBDC04000CF3EFE /* Embed Frameworks */ = {
			isa = PBXCopyFilesBuildPhase;
			buildActionMask = 2147483647;
			dstPath = "";
			dstSubfolderSpec = 10;
			files = (
				5828C7B41FBDC04000CF3EFE /* RxSwift.framework in Embed Frameworks */,
				5828C7B21FBDC04000CF3EFE /* RxCocoa.framework in Embed Frameworks */,
			);
			name = "Embed Frameworks";
			runOnlyForDeploymentPostprocessing = 0;
		};
		5828C7B61FBDC07F00CF3EFE /* CopyFiles */ = {
			isa = PBXCopyFilesBuildPhase;
			buildActionMask = 2147483647;
			dstPath = "";
			dstSubfolderSpec = 16;
			files = (
				5828C7BB1FBDC2C300CF3EFE /* RxSwift.framework.dSYM in CopyFiles */,
				5828C7BD1FBDC2C300CF3EFE /* RxCocoa.framework.dSYM in CopyFiles */,
			);
			runOnlyForDeploymentPostprocessing = 0;
		};
/* End PBXCopyFilesBuildPhase section */

/* Begin PBXFileReference section */
		5828C7981FBCE13300CF3EFE /* Caffeinate.app */ = {isa = PBXFileReference; explicitFileType = wrapper.application; includeInIndex = 0; path = Caffeinate.app; sourceTree = BUILT_PRODUCTS_DIR; };
		5828C79B1FBCE13300CF3EFE /* AppDelegate.swift */ = {isa = PBXFileReference; lastKnownFileType = sourcecode.swift; path = AppDelegate.swift; sourceTree = "<group>"; };
		5828C79D1FBCE13300CF3EFE /* Assets.xcassets */ = {isa = PBXFileReference; lastKnownFileType = folder.assetcatalog; path = Assets.xcassets; sourceTree = "<group>"; };
		5828C7A21FBCE13300CF3EFE /* Info.plist */ = {isa = PBXFileReference; lastKnownFileType = text.plist.xml; path = Info.plist; sourceTree = "<group>"; };
		5828C7A31FBCE13300CF3EFE /* Caffeinate.entitlements */ = {isa = PBXFileReference; lastKnownFileType = text.plist.entitlements; path = Caffeinate.entitlements; sourceTree = "<group>"; };
		5828C7AB1FBDC04000CF3EFE /* RxCocoa.framework */ = {isa = PBXFileReference; lastKnownFileType = wrapper.framework; name = RxCocoa.framework; path = Carthage/Build/Mac/RxCocoa.framework; sourceTree = "<group>"; };
		5828C7AC1FBDC04000CF3EFE /* RxSwift.framework */ = {isa = PBXFileReference; lastKnownFileType = wrapper.framework; name = RxSwift.framework; path = Carthage/Build/Mac/RxSwift.framework; sourceTree = "<group>"; };
		5828C7B71FBDC2C200CF3EFE /* RxSwift.framework.dSYM */ = {isa = PBXFileReference; lastKnownFileType = wrapper.dsym; name = RxSwift.framework.dSYM; path = Carthage/Build/Mac/RxSwift.framework.dSYM; sourceTree = "<group>"; };
		5828C7B91FBDC2C300CF3EFE /* RxCocoa.framework.dSYM */ = {isa = PBXFileReference; lastKnownFileType = wrapper.dsym; name = RxCocoa.framework.dSYM; path = Carthage/Build/Mac/RxCocoa.framework.dSYM; sourceTree = "<group>"; };
		5828C7C21FBDC34F00CF3EFE /* Caffeinate.swift */ = {isa = PBXFileReference; lastKnownFileType = sourcecode.swift; path = Caffeinate.swift; sourceTree = "<group>"; };
		586F1081201148D50021C43C /* Utils.swift */ = {isa = PBXFileReference; lastKnownFileType = sourcecode.swift; path = Utils.swift; sourceTree = "<group>"; };
		586F10832011DE2E0021C43C /* Menu.swift */ = {isa = PBXFileReference; lastKnownFileType = sourcecode.swift; path = Menu.swift; sourceTree = "<group>"; };
		5874D53520AADFBE00E02C55 /* Display.swift */ = {isa = PBXFileReference; lastKnownFileType = sourcecode.swift; path = Display.swift; sourceTree = "<group>"; };
		58B75F6F1FC03FDB0030243C /* State.swift */ = {isa = PBXFileReference; lastKnownFileType = sourcecode.swift; path = State.swift; sourceTree = "<group>"; };
		58BEDD551FFC4B75006120D1 /* MainMenu.xib */ = {isa = PBXFileReference; fileEncoding = 4; lastKnownFileType = file.xib; path = MainMenu.xib; sourceTree = "<group>"; };
		58D82E4C1FC0629300F67404 /* Timeout.swift */ = {isa = PBXFileReference; lastKnownFileType = sourcecode.swift; path = Timeout.swift; sourceTree = "<group>"; };
		58D82E4E1FC0702000F67404 /* Remaining.swift */ = {isa = PBXFileReference; lastKnownFileType = sourcecode.swift; path = Remaining.swift; sourceTree = "<group>"; };
		58E70D6F21AC83C900F22C01 /* MenuViewModel.swift */ = {isa = PBXFileReference; lastKnownFileType = sourcecode.swift; path = MenuViewModel.swift; sourceTree = "<group>"; };
		58E70D7121AC8A7D00F22C01 /* TimeoutMenuItem.swift */ = {isa = PBXFileReference; lastKnownFileType = sourcecode.swift; path = TimeoutMenuItem.swift; sourceTree = "<group>"; };
		58E70D7321AC8AF400F22C01 /* TimeoutSubmenu.swift */ = {isa = PBXFileReference; lastKnownFileType = sourcecode.swift; path = TimeoutSubmenu.swift; sourceTree = "<group>"; };
		58E70D7521AC8C8000F22C01 /* TimeoutViewModel.swift */ = {isa = PBXFileReference; lastKnownFileType = sourcecode.swift; path = TimeoutViewModel.swift; sourceTree = "<group>"; };
/* End PBXFileReference section */

/* Begin PBXFrameworksBuildPhase section */
		5828C7951FBCE13300CF3EFE /* Frameworks */ = {
			isa = PBXFrameworksBuildPhase;
			buildActionMask = 2147483647;
			files = (
				5828C7B31FBDC04000CF3EFE /* RxSwift.framework in Frameworks */,
				5828C7B11FBDC04000CF3EFE /* RxCocoa.framework in Frameworks */,
			);
			runOnlyForDeploymentPostprocessing = 0;
		};
/* End PBXFrameworksBuildPhase section */

/* Begin PBXGroup section */
		5828C78F1FBCE13300CF3EFE = {
			isa = PBXGroup;
			children = (
				5828C79A1FBCE13300CF3EFE /* Caffeinate */,
				5828C7C11FBDC31100CF3EFE /* Carthage */,
				5828C7991FBCE13300CF3EFE /* Products */,
			);
			sourceTree = "<group>";
		};
		5828C7991FBCE13300CF3EFE /* Products */ = {
			isa = PBXGroup;
			children = (
				5828C7981FBCE13300CF3EFE /* Caffeinate.app */,
			);
			name = Products;
			sourceTree = "<group>";
		};
		5828C79A1FBCE13300CF3EFE /* Caffeinate */ = {
			isa = PBXGroup;
			children = (
				58E70D6921AC7F3500F22C01 /* App */,
				58E70D6D21AC7F7400F22C01 /* Resources */,
				58E70D6A21AC7F5300F22C01 /* View */,
				58D82E4C1FC0629300F67404 /* Timeout.swift */,
				58B75F6F1FC03FDB0030243C /* State.swift */,
				58D82E4E1FC0702000F67404 /* Remaining.swift */,
				58E70D6B21AC7F5900F22C01 /* View Model */,
				58E70D6C21AC7F6D00F22C01 /* Model */,
			);
			path = Caffeinate;
			sourceTree = "<group>";
		};
		5828C7C11FBDC31100CF3EFE /* Carthage */ = {
			isa = PBXGroup;
			children = (
				5828C7B91FBDC2C300CF3EFE /* RxCocoa.framework.dSYM */,
				5828C7B71FBDC2C200CF3EFE /* RxSwift.framework.dSYM */,
				5828C7AB1FBDC04000CF3EFE /* RxCocoa.framework */,
				5828C7AC1FBDC04000CF3EFE /* RxSwift.framework */,
			);
			name = Carthage;
			sourceTree = "<group>";
		};
		58E70D6921AC7F3500F22C01 /* App */ = {
			isa = PBXGroup;
			children = (
				5828C79B1FBCE13300CF3EFE /* AppDelegate.swift */,
			);
			name = App;
			sourceTree = "<group>";
		};
		58E70D6A21AC7F5300F22C01 /* View */ = {
			isa = PBXGroup;
			children = (
				586F10832011DE2E0021C43C /* Menu.swift */,
				58E70D7121AC8A7D00F22C01 /* TimeoutMenuItem.swift */,
				58E70D7321AC8AF400F22C01 /* TimeoutSubmenu.swift */,
			);
			name = View;
			sourceTree = "<group>";
		};
		58E70D6B21AC7F5900F22C01 /* View Model */ = {
			isa = PBXGroup;
			children = (
				58E70D6F21AC83C900F22C01 /* MenuViewModel.swift */,
				58E70D7521AC8C8000F22C01 /* TimeoutViewModel.swift */,
			);
			name = "View Model";
			sourceTree = "<group>";
		};
		58E70D6C21AC7F6D00F22C01 /* Model */ = {
			isa = PBXGroup;
			children = (
				5828C7C21FBDC34F00CF3EFE /* Caffeinate.swift */,
				5874D53520AADFBE00E02C55 /* Display.swift */,
			);
			name = Model;
			sourceTree = "<group>";
		};
		58E70D6D21AC7F7400F22C01 /* Resources */ = {
			isa = PBXGroup;
			children = (
				5828C79D1FBCE13300CF3EFE /* Assets.xcassets */,
				58BEDD551FFC4B75006120D1 /* MainMenu.xib */,
				5828C7A21FBCE13300CF3EFE /* Info.plist */,
				5828C7A31FBCE13300CF3EFE /* Caffeinate.entitlements */,
				586F1081201148D50021C43C /* Utils.swift */,
			);
			name = Resources;
			sourceTree = "<group>";
		};
/* End PBXGroup section */

/* Begin PBXNativeTarget section */
		5828C7971FBCE13300CF3EFE /* Caffeinate */ = {
			isa = PBXNativeTarget;
			buildConfigurationList = 5828C7A61FBCE13300CF3EFE /* Build configuration list for PBXNativeTarget "Caffeinate" */;
			buildPhases = (
				5828C7941FBCE13300CF3EFE /* Sources */,
				5828C7951FBCE13300CF3EFE /* Frameworks */,
				5828C7961FBCE13300CF3EFE /* Resources */,
				5828C7B51FBDC04000CF3EFE /* Embed Frameworks */,
				5828C7B61FBDC07F00CF3EFE /* CopyFiles */,
			);
			buildRules = (
			);
			dependencies = (
			);
			name = Caffeinate;
			productName = Caffeinate;
			productReference = 5828C7981FBCE13300CF3EFE /* Caffeinate.app */;
			productType = "com.apple.product-type.application";
		};
/* End PBXNativeTarget section */

/* Begin PBXProject section */
		5828C7901FBCE13300CF3EFE /* Project object */ = {
			isa = PBXProject;
			attributes = {
				LastSwiftUpdateCheck = 0900;
				LastUpgradeCheck = 0930;
				ORGANIZATIONNAME = "Nikita Starshinov";
				TargetAttributes = {
					5828C7971FBCE13300CF3EFE = {
						CreatedOnToolsVersion = 9.0;
						ProvisioningStyle = Automatic;
						SystemCapabilities = {
							com.apple.Sandbox = {
								enabled = 0;
							};
						};
					};
				};
			};
			buildConfigurationList = 5828C7931FBCE13300CF3EFE /* Build configuration list for PBXProject "Caffeinate" */;
			compatibilityVersion = "Xcode 8.0";
			developmentRegion = en;
			hasScannedForEncodings = 0;
			knownRegions = (
				en,
				Base,
			);
			mainGroup = 5828C78F1FBCE13300CF3EFE;
			productRefGroup = 5828C7991FBCE13300CF3EFE /* Products */;
			projectDirPath = "";
			projectRoot = "";
			targets = (
				5828C7971FBCE13300CF3EFE /* Caffeinate */,
			);
		};
/* End PBXProject section */

/* Begin PBXResourcesBuildPhase section */
		5828C7961FBCE13300CF3EFE /* Resources */ = {
			isa = PBXResourcesBuildPhase;
			buildActionMask = 2147483647;
			files = (
				5828C79E1FBCE13300CF3EFE /* Assets.xcassets in Resources */,
				58BEDD561FFC4B75006120D1 /* MainMenu.xib in Resources */,
			);
			runOnlyForDeploymentPostprocessing = 0;
		};
/* End PBXResourcesBuildPhase section */

/* Begin PBXSourcesBuildPhase section */
		5828C7941FBCE13300CF3EFE /* Sources */ = {
			isa = PBXSourcesBuildPhase;
			buildActionMask = 2147483647;
			files = (
				5828C79C1FBCE13300CF3EFE /* AppDelegate.swift in Sources */,
				58E70D7421AC8AF400F22C01 /* TimeoutSubmenu.swift in Sources */,
				58E70D7221AC8A7D00F22C01 /* TimeoutMenuItem.swift in Sources */,
				5828C7C31FBDC34F00CF3EFE /* Caffeinate.swift in Sources */,
				586F10842011DE2E0021C43C /* Menu.swift in Sources */,
				58E70D7021AC83C900F22C01 /* MenuViewModel.swift in Sources */,
				58D82E4F1FC0702000F67404 /* Remaining.swift in Sources */,
				58B75F701FC03FDB0030243C /* State.swift in Sources */,
				58E70D7621AC8C8000F22C01 /* TimeoutViewModel.swift in Sources */,
				58D82E4D1FC0629300F67404 /* Timeout.swift in Sources */,
				5874D53620AADFBE00E02C55 /* Display.swift in Sources */,
				586F1082201148D50021C43C /* Utils.swift in Sources */,
			);
			runOnlyForDeploymentPostprocessing = 0;
		};
/* End PBXSourcesBuildPhase section */

/* Begin XCBuildConfiguration section */
		5828C7A41FBCE13300CF3EFE /* Debug */ = {
			isa = XCBuildConfiguration;
			buildSettings = {
				ALWAYS_SEARCH_USER_PATHS = NO;
				CLANG_ANALYZER_NONNULL = YES;
				CLANG_ANALYZER_NUMBER_OBJECT_CONVERSION = YES_AGGRESSIVE;
				CLANG_CXX_LANGUAGE_STANDARD = "gnu++14";
				CLANG_CXX_LIBRARY = "libc++";
				CLANG_ENABLE_MODULES = YES;
				CLANG_ENABLE_OBJC_ARC = YES;
				CLANG_WARN_BLOCK_CAPTURE_AUTORELEASING = YES;
				CLANG_WARN_BOOL_CONVERSION = YES;
				CLANG_WARN_COMMA = YES;
				CLANG_WARN_CONSTANT_CONVERSION = YES;
				CLANG_WARN_DEPRECATED_OBJC_IMPLEMENTATIONS = YES;
				CLANG_WARN_DIRECT_OBJC_ISA_USAGE = YES_ERROR;
				CLANG_WARN_DOCUMENTATION_COMMENTS = YES;
				CLANG_WARN_EMPTY_BODY = YES;
				CLANG_WARN_ENUM_CONVERSION = YES;
				CLANG_WARN_INFINITE_RECURSION = YES;
				CLANG_WARN_INT_CONVERSION = YES;
				CLANG_WARN_NON_LITERAL_NULL_CONVERSION = YES;
				CLANG_WARN_OBJC_IMPLICIT_RETAIN_SELF = YES;
				CLANG_WARN_OBJC_LITERAL_CONVERSION = YES;
				CLANG_WARN_OBJC_ROOT_CLASS = YES_ERROR;
				CLANG_WARN_RANGE_LOOP_ANALYSIS = YES;
				CLANG_WARN_STRICT_PROTOTYPES = YES;
				CLANG_WARN_SUSPICIOUS_MOVE = YES;
				CLANG_WARN_UNGUARDED_AVAILABILITY = YES_AGGRESSIVE;
				CLANG_WARN_UNREACHABLE_CODE = YES;
				CLANG_WARN__DUPLICATE_METHOD_MATCH = YES;
				CODE_SIGN_IDENTITY = "Mac Developer";
				COPY_PHASE_STRIP = NO;
				DEBUG_INFORMATION_FORMAT = dwarf;
				ENABLE_STRICT_OBJC_MSGSEND = YES;
				ENABLE_TESTABILITY = YES;
				GCC_C_LANGUAGE_STANDARD = gnu11;
				GCC_DYNAMIC_NO_PIC = NO;
				GCC_NO_COMMON_BLOCKS = YES;
				GCC_OPTIMIZATION_LEVEL = 0;
				GCC_PREPROCESSOR_DEFINITIONS = (
					"DEBUG=1",
					"$(inherited)",
				);
				GCC_WARN_64_TO_32_BIT_CONVERSION = YES;
				GCC_WARN_ABOUT_RETURN_TYPE = YES_ERROR;
				GCC_WARN_UNDECLARED_SELECTOR = YES;
				GCC_WARN_UNINITIALIZED_AUTOS = YES_AGGRESSIVE;
				GCC_WARN_UNUSED_FUNCTION = YES;
				GCC_WARN_UNUSED_VARIABLE = YES;
				MACOSX_DEPLOYMENT_TARGET = 10.12;
				MTL_ENABLE_DEBUG_INFO = YES;
				ONLY_ACTIVE_ARCH = YES;
				SDKROOT = macosx;
				SWIFT_ACTIVE_COMPILATION_CONDITIONS = DEBUG;
				SWIFT_OPTIMIZATION_LEVEL = "-Onone";
			};
			name = Debug;
		};
		5828C7A51FBCE13300CF3EFE /* Release */ = {
			isa = XCBuildConfiguration;
			buildSettings = {
				ALWAYS_SEARCH_USER_PATHS = NO;
				CLANG_ANALYZER_NONNULL = YES;
				CLANG_ANALYZER_NUMBER_OBJECT_CONVERSION = YES_AGGRESSIVE;
				CLANG_CXX_LANGUAGE_STANDARD = "gnu++14";
				CLANG_CXX_LIBRARY = "libc++";
				CLANG_ENABLE_MODULES = YES;
				CLANG_ENABLE_OBJC_ARC = YES;
				CLANG_WARN_BLOCK_CAPTURE_AUTORELEASING = YES;
				CLANG_WARN_BOOL_CONVERSION = YES;
				CLANG_WARN_COMMA = YES;
				CLANG_WARN_CONSTANT_CONVERSION = YES;
				CLANG_WARN_DEPRECATED_OBJC_IMPLEMENTATIONS = YES;
				CLANG_WARN_DIRECT_OBJC_ISA_USAGE = YES_ERROR;
				CLANG_WARN_DOCUMENTATION_COMMENTS = YES;
				CLANG_WARN_EMPTY_BODY = YES;
				CLANG_WARN_ENUM_CONVERSION = YES;
				CLANG_WARN_INFINITE_RECURSION = YES;
				CLANG_WARN_INT_CONVERSION = YES;
				CLANG_WARN_NON_LITERAL_NULL_CONVERSION = YES;
				CLANG_WARN_OBJC_IMPLICIT_RETAIN_SELF = YES;
				CLANG_WARN_OBJC_LITERAL_CONVERSION = YES;
				CLANG_WARN_OBJC_ROOT_CLASS = YES_ERROR;
				CLANG_WARN_RANGE_LOOP_ANALYSIS = YES;
				CLANG_WARN_STRICT_PROTOTYPES = YES;
				CLANG_WARN_SUSPICIOUS_MOVE = YES;
				CLANG_WARN_UNGUARDED_AVAILABILITY = YES_AGGRESSIVE;
				CLANG_WARN_UNREACHABLE_CODE = YES;
				CLANG_WARN__DUPLICATE_METHOD_MATCH = YES;
				CODE_SIGN_IDENTITY = "Mac Developer";
				COPY_PHASE_STRIP = NO;
				DEBUG_INFORMATION_FORMAT = "dwarf-with-dsym";
				ENABLE_NS_ASSERTIONS = NO;
				ENABLE_STRICT_OBJC_MSGSEND = YES;
				GCC_C_LANGUAGE_STANDARD = gnu11;
				GCC_NO_COMMON_BLOCKS = YES;
				GCC_WARN_64_TO_32_BIT_CONVERSION = YES;
				GCC_WARN_ABOUT_RETURN_TYPE = YES_ERROR;
				GCC_WARN_UNDECLARED_SELECTOR = YES;
				GCC_WARN_UNINITIALIZED_AUTOS = YES_AGGRESSIVE;
				GCC_WARN_UNUSED_FUNCTION = YES;
				GCC_WARN_UNUSED_VARIABLE = YES;
				MACOSX_DEPLOYMENT_TARGET = 10.12;
				MTL_ENABLE_DEBUG_INFO = NO;
				SDKROOT = macosx;
				SWIFT_OPTIMIZATION_LEVEL = "-Owholemodule";
			};
			name = Release;
		};
		5828C7A71FBCE13300CF3EFE /* Debug */ = {
			isa = XCBuildConfiguration;
			buildSettings = {
				ASSETCATALOG_COMPILER_APPICON_NAME = AppIcon;
				CODE_SIGN_STYLE = Automatic;
				COMBINE_HIDPI_IMAGES = YES;
				DEVELOPMENT_TEAM = 6RX8GEVB43;
				FRAMEWORK_SEARCH_PATHS = (
					"$(inherited)",
					"$(PROJECT_DIR)/Carthage/Build/Mac",
				);
				INFOPLIST_FILE = Caffeinate/Info.plist;
				LD_RUNPATH_SEARCH_PATHS = "$(inherited) @executable_path/../Frameworks";
				PRODUCT_BUNDLE_IDENTIFIER = me.nikstar.Caffeinate;
				PRODUCT_NAME = "$(TARGET_NAME)";
				SWIFT_VERSION = 4.0;
			};
			name = Debug;
		};
		5828C7A81FBCE13300CF3EFE /* Release */ = {
			isa = XCBuildConfiguration;
			buildSettings = {
				ASSETCATALOG_COMPILER_APPICON_NAME = AppIcon;
				CODE_SIGN_STYLE = Automatic;
				COMBINE_HIDPI_IMAGES = YES;
				DEVELOPMENT_TEAM = 6RX8GEVB43;
				FRAMEWORK_SEARCH_PATHS = (
					"$(inherited)",
					"$(PROJECT_DIR)/Carthage/Build/Mac",
				);
				INFOPLIST_FILE = Caffeinate/Info.plist;
				LD_RUNPATH_SEARCH_PATHS = "$(inherited) @executable_path/../Frameworks";
				PRODUCT_BUNDLE_IDENTIFIER = me.nikstar.Caffeinate;
				PRODUCT_NAME = "$(TARGET_NAME)";
				SWIFT_VERSION = 4.0;
			};
			name = Release;
		};
/* End XCBuildConfiguration section */

/* Begin XCConfigurationList section */
		5828C7931FBCE13300CF3EFE /* Build configuration list for PBXProject "Caffeinate" */ = {
			isa = XCConfigurationList;
			buildConfigurations = (
				5828C7A41FBCE13300CF3EFE /* Debug */,
				5828C7A51FBCE13300CF3EFE /* Release */,
			);
			defaultConfigurationIsVisible = 0;
			defaultConfigurationName = Release;
		};
		5828C7A61FBCE13300CF3EFE /* Build configuration list for PBXNativeTarget "Caffeinate" */ = {
			isa = XCConfigurationList;
			buildConfigurations = (
				5828C7A71FBCE13300CF3EFE /* Debug */,
				5828C7A81FBCE13300CF3EFE /* Release */,
			);
			defaultConfigurationIsVisible = 0;
			defaultConfigurationName = Release;
		};
/* End XCConfigurationList section */
	};
	rootObject = 5828C7901FBCE13300CF3EFE /* Project object */;
}
